
Microsoft Visual Studio Solution File, Format Version 12.00
# Visual Studio Version 16
VisualStudioVersion = 16.0.31321.278
MinimumVisualStudioVersion = 10.0.40219.1
Project("{FAE04EC0-301F-11D3-BF4B-00C04F79EFBC}") = "Projet_loup_garou", "Projet_loup_garou.csproj", "{00A7BC08-F9CF-415A-90FE-FEC8C622B003}"
EndProject
Global
	GlobalSection(SolutionConfigurationPlatforms) = preSolution
		Debug|Any CPU = Debug|Any CPU
		Release|Any CPU = Release|Any CPU
	EndGlobalSection
	GlobalSection(ProjectConfigurationPlatforms) = postSolution
		{00A7BC08-F9CF-415A-90FE-FEC8C622B003}.Debug|Any CPU.ActiveCfg = Debug|Any CPU
		{00A7BC08-F9CF-415A-90FE-FEC8C622B003}.Debug|Any CPU.Build.0 = Debug|Any CPU
		{00A7BC08-F9CF-415A-90FE-FEC8C622B003}.Release|Any CPU.ActiveCfg = Release|Any CPU
		{00A7BC08-F9CF-415A-90FE-FEC8C622B003}.Release|Any CPU.Build.0 = Release|Any CPU
	EndGlobalSection
	GlobalSection(SolutionProperties) = preSolution
		HideSolutionNode = FALSE
	EndGlobalSection
	GlobalSection(ExtensibilityGlobals) = postSolution
		SolutionGuid = {330B3EF8-C63E-4614-A882-4DA24657DACE}
	EndGlobalSection
EndGlobal
